
Microsoft Visual Studio Solution File, Format Version 12.00
# Visual Studio 15
VisualStudioVersion = 15.0.27004.2009
MinimumVisualStudioVersion = 10.0.40219.1
Project("{9A19103F-16F7-4668-BE54-9A1E7A4F7556}") = "LagoVista.IoT.StarterKit", "src\LagoVista.IoT.StarterKit\LagoVista.IoT.StarterKit.csproj", "{13C619A2-301E-492C-9588-8E234395A4EC}"
EndProject
Project("{9A19103F-16F7-4668-BE54-9A1E7A4F7556}") = "LagoVista.IoT.StarterKit.Rest", "src\LagoVista.IoT.StarterKit.Rest\LagoVista.IoT.StarterKit.Rest.csproj", "{7CFC69AB-2783-4207-A48C-08334C209561}"
EndProject
Project("{2150E333-8FDC-42A3-9474-1A3956D46DE8}") = "src", "src", "{EE8F3904-AE66-4019-B068-083D26AF3185}"
EndProject
Project("{2150E333-8FDC-42A3-9474-1A3956D46DE8}") = "tests", "tests", "{71DF7BC4-5CF4-42E0-AB7E-AA5CAE589364}"
EndProject
Project("{FAE04EC0-301F-11D3-BF4B-00C04F79EFBC}") = "LagoVista.IoT.StarterKit.Tests", "tests\LagoVista.IoT.StarterKit.Tests\LagoVista.IoT.StarterKit.Tests.csproj", "{370A266A-FF03-4C27-974B-1AFA6FD5AD8A}"
EndProject
Global
	GlobalSection(SolutionConfigurationPlatforms) = preSolution
		Debug|Any CPU = Debug|Any CPU
		Release|Any CPU = Release|Any CPU
	EndGlobalSection
	GlobalSection(ProjectConfigurationPlatforms) = postSolution
		{13C619A2-301E-492C-9588-8E234395A4EC}.Debug|Any CPU.ActiveCfg = Debug|Any CPU
		{13C619A2-301E-492C-9588-8E234395A4EC}.Debug|Any CPU.Build.0 = Debug|Any CPU
		{13C619A2-301E-492C-9588-8E234395A4EC}.Release|Any CPU.ActiveCfg = Release|Any CPU
		{13C619A2-301E-492C-9588-8E234395A4EC}.Release|Any CPU.Build.0 = Release|Any CPU
		{7CFC69AB-2783-4207-A48C-08334C209561}.Debug|Any CPU.ActiveCfg = Debug|Any CPU
		{7CFC69AB-2783-4207-A48C-08334C209561}.Debug|Any CPU.Build.0 = Debug|Any CPU
		{7CFC69AB-2783-4207-A48C-08334C209561}.Release|Any CPU.ActiveCfg = Release|Any CPU
		{7CFC69AB-2783-4207-A48C-08334C209561}.Release|Any CPU.Build.0 = Release|Any CPU
		{370A266A-FF03-4C27-974B-1AFA6FD5AD8A}.Debug|Any CPU.ActiveCfg = Debug|Any CPU
		{370A266A-FF03-4C27-974B-1AFA6FD5AD8A}.Debug|Any CPU.Build.0 = Debug|Any CPU
		{370A266A-FF03-4C27-974B-1AFA6FD5AD8A}.Release|Any CPU.ActiveCfg = Release|Any CPU
		{370A266A-FF03-4C27-974B-1AFA6FD5AD8A}.Release|Any CPU.Build.0 = Release|Any CPU
	EndGlobalSection
	GlobalSection(SolutionProperties) = preSolution
		HideSolutionNode = FALSE
	EndGlobalSection
	GlobalSection(NestedProjects) = preSolution
		{13C619A2-301E-492C-9588-8E234395A4EC} = {EE8F3904-AE66-4019-B068-083D26AF3185}
		{7CFC69AB-2783-4207-A48C-08334C209561} = {EE8F3904-AE66-4019-B068-083D26AF3185}
		{370A266A-FF03-4C27-974B-1AFA6FD5AD8A} = {71DF7BC4-5CF4-42E0-AB7E-AA5CAE589364}
	EndGlobalSection
	GlobalSection(ExtensibilityGlobals) = postSolution
		SolutionGuid = {010E50DF-4FDD-4704-A216-D2FFBB88830D}
	EndGlobalSection
EndGlobal
